
Microsoft Visual Studio Solution File, Format Version 12.00
# Visual Studio 15
VisualStudioVersion = 15.0.26730.16
MinimumVisualStudioVersion = 10.0.40219.1
Project("{FAE04EC0-301F-11D3-BF4B-00C04F79EFBC}") = "ConsoleApp1", "ConsoleApp1\ConsoleApp1.csproj", "{2FBFC201-9A8E-41F9-89B9-55091EF4859A}"
EndProject
Global
	GlobalSection(SolutionConfigurationPlatforms) = preSolution
		Debug|Any CPU = Debug|Any CPU
		Release|Any CPU = Release|Any CPU
	EndGlobalSection
	GlobalSection(ProjectConfigurationPlatforms) = postSolution
		{2FBFC201-9A8E-41F9-89B9-55091EF4859A}.Debug|Any CPU.ActiveCfg = Debug|Any CPU
		{2FBFC201-9A8E-41F9-89B9-55091EF4859A}.Debug|Any CPU.Build.0 = Debug|Any CPU
		{2FBFC201-9A8E-41F9-89B9-55091EF4859A}.Release|Any CPU.ActiveCfg = Release|Any CPU
		{2FBFC201-9A8E-41F9-89B9-55091EF4859A}.Release|Any CPU.Build.0 = Release|Any CPU
	EndGlobalSection
	GlobalSection(SolutionProperties) = preSolution
		HideSolutionNode = FALSE
	EndGlobalSection
	GlobalSection(ExtensibilityGlobals) = postSolution
		SolutionGuid = {41872360-BEF5-4EC0-863F-62E94D4204EE}
	EndGlobalSection
EndGlobal
